version: 5
environments:
  default:
    channels:
    - url: https://conda.anaconda.org/conda-forge/
    packages:
      win-64:
      - conda: https://conda.anaconda.org/conda-forge/win-64/bzip2-1.0.8-h2466b09_7.conda
      - conda: https://conda.anaconda.org/conda-forge/win-64/ca-certificates-2024.12.14-h56e8100_0.conda
      - conda: https://conda.anaconda.org/conda-forge/win-64/libexpat-2.6.4-he0c23c2_0.conda
      - conda: https://conda.anaconda.org/conda-forge/win-64/libffi-3.4.2-h8ffe710_5.tar.bz2
      - conda: https://conda.anaconda.org/conda-forge/win-64/liblzma-5.6.3-h2466b09_1.conda
      - conda: https://conda.anaconda.org/conda-forge/win-64/libmpdec-4.0.0-h2466b09_0.conda
      - conda: https://conda.anaconda.org/conda-forge/win-64/libsqlite-3.47.2-h67fdade_0.conda
      - conda: https://conda.anaconda.org/conda-forge/win-64/libzlib-1.3.1-h2466b09_2.conda
      - conda: https://conda.anaconda.org/conda-forge/win-64/openssl-3.4.0-h2466b09_0.conda
      - conda: https://conda.anaconda.org/conda-forge/noarch/pixi-pycharm-0.0.8-win_1234567_0.conda
      - conda: https://conda.anaconda.org/conda-forge/win-64/python-3.13.1-h071d269_102_cp313.conda
      - conda: https://conda.anaconda.org/conda-forge/win-64/python_abi-3.13-5_cp313.conda
      - conda: https://conda.anaconda.org/conda-forge/win-64/tk-8.6.13-h5226925_1.conda
      - conda: https://conda.anaconda.org/conda-forge/noarch/tzdata-2024b-hc8b5060_0.conda
      - conda: https://conda.anaconda.org/conda-forge/win-64/ucrt-10.0.22621.0-h57928b3_1.conda
      - conda: https://conda.anaconda.org/conda-forge/win-64/vc-14.3-ha32ba9b_23.conda
      - conda: https://conda.anaconda.org/conda-forge/win-64/vc14_runtime-14.42.34433-he29a5d6_23.conda
      - conda: https://conda.anaconda.org/conda-forge/win-64/vs2015_runtime-14.42.34433-hdffcdeb_23.conda
packages:
- kind: conda
  name: bzip2
  version: 1.0.8
  build: h2466b09_7
  build_number: 7
  subdir: win-64
  url: https://conda.anaconda.org/conda-forge/win-64/bzip2-1.0.8-h2466b09_7.conda
  sha256: 35a5dad92e88fdd7fc405e864ec239486f4f31eec229e31686e61a140a8e573b
  md5: 276e7ffe9ffe39688abc665ef0f45596
  depends:
  - ucrt >=10.0.20348.0
  - vc >=14.2,<15
  - vc14_runtime >=14.29.30139
  license: bzip2-1.0.6
  license_family: BSD
  size: 54927
  timestamp: 1720974860185
- kind: conda
  name: ca-certificates
  version: 2024.12.14
  build: h56e8100_0
  subdir: win-64
  url: https://conda.anaconda.org/conda-forge/win-64/ca-certificates-2024.12.14-h56e8100_0.conda
  sha256: 424d82db36cd26234bc4772426170efd60e888c2aed0099a257a95e131683a5e
  md5: cb2eaeb88549ddb27af533eccf9a45c1
  license: ISC
  size: 157422
  timestamp: 1734208404685
- kind: conda
  name: libexpat
  version: 2.6.4
  build: he0c23c2_0
  subdir: win-64
  url: https://conda.anaconda.org/conda-forge/win-64/libexpat-2.6.4-he0c23c2_0.conda
  sha256: 0c0447bf20d1013d5603499de93a16b6faa92d7ead870d96305c0f065b6a5a12
  md5: eb383771c680aa792feb529eaf9df82f
  depends:
  - ucrt >=10.0.20348.0
  - vc >=14.2,<15
  - vc14_runtime >=14.29.30139
  constrains:
  - expat 2.6.4.*
  license: MIT
  license_family: MIT
  size: 139068
  timestamp: 1730967442102
- kind: conda
  name: libffi
  version: 3.4.2
  build: h8ffe710_5
  build_number: 5
  subdir: win-64
  url: https://conda.anaconda.org/conda-forge/win-64/libffi-3.4.2-h8ffe710_5.tar.bz2
  sha256: 1951ab740f80660e9bc07d2ed3aefb874d78c107264fd810f24a1a6211d4b1a5
  md5: 2c96d1b6915b408893f9472569dee135
  depends:
  - vc >=14.1,<15.0a0
  - vs2015_runtime >=14.16.27012
  license: MIT
  license_family: MIT
  size: 42063
  timestamp: 1636489106777
- kind: conda
  name: liblzma
  version: 5.6.3
  build: h2466b09_1
  build_number: 1
  subdir: win-64
  url: https://conda.anaconda.org/conda-forge/win-64/liblzma-5.6.3-h2466b09_1.conda
  sha256: 24d04bd55adfa44c421c99ce169df38cb1ad2bba5f43151bc847fc802496a1fa
  md5: 015b9c0bd1eef60729ab577a38aaf0b5
  depends:
  - ucrt >=10.0.20348.0
  - vc >=14.2,<15
  - vc14_runtime >=14.29.30139
  license: 0BSD
  size: 104332
  timestamp: 1733407872569
- kind: conda
  name: libmpdec
  version: 4.0.0
  build: h2466b09_0
  subdir: win-64
  url: https://conda.anaconda.org/conda-forge/win-64/libmpdec-4.0.0-h2466b09_0.conda
  sha256: fc529fc82c7caf51202cc5cec5bb1c2e8d90edbac6d0a4602c966366efe3c7bf
  md5: 74860100b2029e2523cf480804c76b9b
  depends:
  - ucrt >=10.0.20348.0
  - vc >=14.2,<15
  - vc14_runtime >=14.29.30139
  license: BSD-2-Clause
  license_family: BSD
  size: 88657
  timestamp: 1723861474602
- kind: conda
  name: libsqlite
  version: 3.47.2
  build: h67fdade_0
  subdir: win-64
  url: https://conda.anaconda.org/conda-forge/win-64/libsqlite-3.47.2-h67fdade_0.conda
  sha256: ecfc0182c3b2e63c870581be1fa0e4dbdfec70d2011cb4f5bde416ece26c41df
  md5: ff00095330e0d35a16bd3bdbd1a2d3e7
  depends:
  - ucrt >=10.0.20348.0
  - vc >=14.2,<15
  - vc14_runtime >=14.29.30139
  license: Unlicense
  size: 891292
  timestamp: 1733762116902
- kind: conda
  name: libzlib
  version: 1.3.1
  build: h2466b09_2
  build_number: 2
  subdir: win-64
  url: https://conda.anaconda.org/conda-forge/win-64/libzlib-1.3.1-h2466b09_2.conda
  sha256: ba945c6493449bed0e6e29883c4943817f7c79cbff52b83360f7b341277c6402
  md5: 41fbfac52c601159df6c01f875de31b9
  depends:
  - ucrt >=10.0.20348.0
  - vc >=14.2,<15
  - vc14_runtime >=14.29.30139
  constrains:
  - zlib 1.3.1 *_2
  license: Zlib
  license_family: Other
  size: 55476
  timestamp: 1727963768015
- kind: conda
  name: openssl
  version: 3.4.0
  build: h2466b09_0
  subdir: win-64
  url: https://conda.anaconda.org/conda-forge/win-64/openssl-3.4.0-h2466b09_0.conda
  sha256: e03045a0837e01ff5c75e9273a572553e7522290799807f918c917a9826a6484
  md5: d0d805d9b5524a14efb51b3bff965e83
  depends:
  - ca-certificates
  - ucrt >=10.0.20348.0
  - vc >=14.2,<15
  - vc14_runtime >=14.29.30139
  license: Apache-2.0
  license_family: Apache
  size: 8491156
  timestamp: 1731379715927
- kind: conda
  name: pixi-pycharm
  version: 0.0.8
  build: win_1234567_0
  subdir: noarch
  noarch: generic
  url: https://conda.anaconda.org/conda-forge/noarch/pixi-pycharm-0.0.8-win_1234567_0.conda
  sha256: 6ee9dbad2c363faefea73e21370301e16290a2a88230787267e4f34b67ca40e8
  md5: 352a583506f7ac90d984e9a501e500f7
  depends:
  - __win
  - python >=3.8
  license: BSD-3-Clause
  license_family: BSD
  size: 8671
  timestamp: 1728816803806
- kind: conda
  name: python
  version: 3.13.1
  build: h071d269_102_cp313
  build_number: 102
  subdir: win-64
  url: https://conda.anaconda.org/conda-forge/win-64/python-3.13.1-h071d269_102_cp313.conda
  sha256: ee41eda85ebc3a257a3b21a76d255d986b08a285d891e418cbfb70113ee14684
  md5: 70568ba8bbd5f0c7b830e690775eb8b7
  depends:
  - bzip2 >=1.0.8,<2.0a0
  - libexpat >=2.6.4,<3.0a0
  - libffi >=3.4,<4.0a0
  - liblzma >=5.6.3,<6.0a0
  - libmpdec >=4.0.0,<5.0a0
  - libsqlite >=3.47.0,<4.0a0
  - libzlib >=1.3.1,<2.0a0
  - openssl >=3.4.0,<4.0a0
  - python_abi 3.13.* *_cp313
  - tk >=8.6.13,<8.7.0a0
  - tzdata
  - ucrt >=10.0.20348.0
  - vc >=14.2,<15
  - vc14_runtime >=14.29.30139
  license: Python-2.0
  size: 16753813
  timestamp: 1733433028707
- kind: conda
  name: python_abi
  version: '3.13'
  build: 5_cp313
  build_number: 5
  subdir: win-64
  url: https://conda.anaconda.org/conda-forge/win-64/python_abi-3.13-5_cp313.conda
  sha256: 0c12cc1b84962444002c699ed21e815fb9f686f950d734332a1b74d07db97756
  md5: 44b4fe6f22b57103afb2299935c8b68e
  constrains:
  - python 3.13.* *_cp313
  license: BSD-3-Clause
  license_family: BSD
  size: 6716
  timestamp: 1723823166911
- kind: conda
  name: tk
  version: 8.6.13
  build: h5226925_1
  build_number: 1
  subdir: win-64
  url: https://conda.anaconda.org/conda-forge/win-64/tk-8.6.13-h5226925_1.conda
  sha256: 2c4e914f521ccb2718946645108c9bd3fc3216ba69aea20c2c3cedbd8db32bb1
  md5: fc048363eb8f03cd1737600a5d08aafe
  depends:
  - ucrt >=10.0.20348.0
  - vc >=14.2,<15
  - vc14_runtime >=14.29.30139
  license: TCL
  license_family: BSD
  size: 3503410
  timestamp: 1699202577803
- kind: conda
  name: tzdata
  version: 2024b
  build: hc8b5060_0
  subdir: noarch
  noarch: generic
  url: https://conda.anaconda.org/conda-forge/noarch/tzdata-2024b-hc8b5060_0.conda
  sha256: 4fde5c3008bf5d2db82f2b50204464314cc3c91c1d953652f7bd01d9e52aefdf
  md5: 8ac3367aafb1cc0a068483c580af8015
  license: LicenseRef-Public-Domain
  size: 122354
  timestamp: 1728047496079
- kind: conda
  name: ucrt
  version: 10.0.22621.0
  build: h57928b3_1
  build_number: 1
  subdir: win-64
  url: https://conda.anaconda.org/conda-forge/win-64/ucrt-10.0.22621.0-h57928b3_1.conda
  sha256: db8dead3dd30fb1a032737554ce91e2819b43496a0db09927edf01c32b577450
  md5: 6797b005cd0f439c4c5c9ac565783700
  constrains:
  - vs2015_runtime >=14.29.30037
  license: LicenseRef-MicrosoftWindowsSDK10
  size: 559710
  timestamp: 1728377334097
- kind: conda
  name: vc
  version: '14.3'
  build: ha32ba9b_23
  build_number: 23
  subdir: win-64
  url: https://conda.anaconda.org/conda-forge/win-64/vc-14.3-ha32ba9b_23.conda
  sha256: 986ddaf8feec2904eac9535a7ddb7acda1a1dfb9482088fdb8129f1595181663
  md5: 7c10ec3158d1eb4ddff7007c9101adb0
  depends:
  - vc14_runtime >=14.38.33135
  track_features:
  - vc14
  license: BSD-3-Clause
  license_family: BSD
  size: 17479
  timestamp: 1731710827215
- kind: conda
  name: vc14_runtime
  version: 14.42.34433
  build: he29a5d6_23
  build_number: 23
  subdir: win-64
  url: https://conda.anaconda.org/conda-forge/win-64/vc14_runtime-14.42.34433-he29a5d6_23.conda
  sha256: c483b090c4251a260aba6ff3e83a307bcfb5fb24ad7ced872ab5d02971bd3a49
  md5: 32b37d0cfa80da34548501cdc913a832
  depends:
  - ucrt >=10.0.20348.0
  constrains:
  - vs2015_runtime 14.42.34433.* *_23
  license: LicenseRef-MicrosoftVisualCpp2015-2022Runtime
  license_family: Proprietary
  size: 754247
  timestamp: 1731710681163
- kind: conda
  name: vs2015_runtime
  version: 14.42.34433
  build: hdffcdeb_23
  build_number: 23
  subdir: win-64
  url: https://conda.anaconda.org/conda-forge/win-64/vs2015_runtime-14.42.34433-hdffcdeb_23.conda
  sha256: 568ce8151eaae256f1cef752fc78651ad7a86ff05153cc7a4740b52ae6536118
  md5: 5c176975ca2b8366abad3c97b3cd1e83
  depends:
  - vc14_runtime >=14.42.34433
  license: BSD-3-Clause
  license_family: BSD
  size: 17572
  timestamp: 1731710685291
