version: 5
environments:
  default:
    channels:
    - url: https://conda.anaconda.org/conda-forge/
    packages:
      win-64:
      - conda: https://conda.anaconda.org/conda-forge/noarch/annotated-types-0.7.0-pyhd8ed1ab_1.conda
      - conda: https://conda.anaconda.org/conda-forge/noarch/anyio-4.7.0-pyhd8ed1ab_0.conda
      - conda: https://conda.anaconda.org/conda-forge/win-64/bzip2-1.0.8-h2466b09_7.conda
      - conda: https://conda.anaconda.org/conda-forge/win-64/c-ares-1.34.4-h2466b09_0.conda
      - conda: https://conda.anaconda.org/conda-forge/win-64/ca-certificates-2024.12.14-h56e8100_0.conda
      - conda: https://conda.anaconda.org/conda-forge/noarch/certifi-2024.12.14-pyhd8ed1ab_0.conda
      - conda: https://conda.anaconda.org/conda-forge/noarch/click-8.1.7-win_pyh7428d3b_1.conda
      - conda: https://conda.anaconda.org/conda-forge/noarch/colorama-0.4.6-pyhd8ed1ab_1.conda
      - conda: https://conda.anaconda.org/conda-forge/noarch/dnspython-2.7.0-pyhff2d567_1.conda
      - conda: https://conda.anaconda.org/conda-forge/noarch/email-validator-2.2.0-pyhd8ed1ab_1.conda
      - conda: https://conda.anaconda.org/conda-forge/noarch/email_validator-2.2.0-hd8ed1ab_1.conda
      - conda: https://conda.anaconda.org/conda-forge/noarch/exceptiongroup-1.2.2-pyhd8ed1ab_1.conda
      - conda: https://conda.anaconda.org/conda-forge/noarch/fastapi-0.115.6-pyhd8ed1ab_0.conda
      - conda: https://conda.anaconda.org/conda-forge/noarch/fastapi-cli-0.0.7-pyhd8ed1ab_0.conda
      - conda: https://conda.anaconda.org/conda-forge/win-64/grpcio-1.67.1-py313hb80970b_0.conda
      - conda: https://conda.anaconda.org/conda-forge/win-64/grpcio-tools-1.67.1-py313h5813708_0.conda
      - conda: https://conda.anaconda.org/conda-forge/noarch/h11-0.14.0-pyhd8ed1ab_1.conda
      - conda: https://conda.anaconda.org/conda-forge/noarch/h2-4.1.0-pyhd8ed1ab_1.conda
      - conda: https://conda.anaconda.org/conda-forge/noarch/hpack-4.0.0-pyhd8ed1ab_1.conda
      - conda: https://conda.anaconda.org/conda-forge/noarch/httpcore-1.0.7-pyh29332c3_1.conda
      - conda: https://conda.anaconda.org/conda-forge/win-64/httptools-0.6.4-py313ha7868ed_0.conda
      - conda: https://conda.anaconda.org/conda-forge/noarch/httpx-0.28.1-pyhd8ed1ab_0.conda
      - conda: https://conda.anaconda.org/conda-forge/noarch/hyperframe-6.0.1-pyhd8ed1ab_1.conda
      - conda: https://conda.anaconda.org/conda-forge/noarch/idna-3.10-pyhd8ed1ab_1.conda
      - conda: https://conda.anaconda.org/conda-forge/noarch/iniconfig-2.0.0-pyhd8ed1ab_1.conda
      - conda: https://conda.anaconda.org/conda-forge/noarch/jinja2-3.1.4-pyhd8ed1ab_1.conda
      - conda: https://conda.anaconda.org/conda-forge/win-64/libabseil-20240722.0-cxx17_he0c23c2_1.conda
      - conda: https://conda.anaconda.org/conda-forge/win-64/libexpat-2.6.4-he0c23c2_0.conda
      - conda: https://conda.anaconda.org/conda-forge/win-64/libffi-3.4.2-h8ffe710_5.tar.bz2
      - conda: https://conda.anaconda.org/conda-forge/win-64/libgrpc-1.67.1-h7aa3b8a_0.conda
      - conda: https://conda.anaconda.org/conda-forge/win-64/liblzma-5.6.3-h2466b09_1.conda
      - conda: https://conda.anaconda.org/conda-forge/win-64/libmpdec-4.0.0-h2466b09_0.conda
      - conda: https://conda.anaconda.org/conda-forge/win-64/libprotobuf-5.28.2-hcaed137_0.conda
      - conda: https://conda.anaconda.org/conda-forge/win-64/libre2-11-2024.07.02-h4eb7d71_1.conda
      - conda: https://conda.anaconda.org/conda-forge/win-64/libsqlite-3.47.2-h67fdade_0.conda
      - conda: https://conda.anaconda.org/conda-forge/win-64/libzlib-1.3.1-h2466b09_2.conda
      - conda: https://conda.anaconda.org/conda-forge/noarch/markdown-it-py-3.0.0-pyhd8ed1ab_1.conda
      - conda: https://conda.anaconda.org/conda-forge/win-64/markupsafe-3.0.2-py313hb4c8b1a_1.conda
      - conda: https://conda.anaconda.org/conda-forge/noarch/mdurl-0.1.2-pyhd8ed1ab_1.conda
      - conda: https://conda.anaconda.org/conda-forge/win-64/openssl-3.4.0-h2466b09_0.conda
      - conda: https://conda.anaconda.org/conda-forge/noarch/packaging-24.2-pyhd8ed1ab_2.conda
      - conda: https://conda.anaconda.org/conda-forge/noarch/pixi-pycharm-0.0.8-win_1234567_0.conda
      - conda: https://conda.anaconda.org/conda-forge/noarch/pluggy-1.5.0-pyhd8ed1ab_1.conda
      - conda: https://conda.anaconda.org/conda-forge/win-64/protobuf-5.28.2-py313h5813708_0.conda
      - conda: https://conda.anaconda.org/conda-forge/noarch/pydantic-2.10.3-pyh3cfb1c2_0.conda
      - conda: https://conda.anaconda.org/conda-forge/win-64/pydantic-core-2.27.1-py313hf3b5b86_0.conda
      - conda: https://conda.anaconda.org/conda-forge/noarch/pygments-2.18.0-pyhd8ed1ab_1.conda
      - conda: https://conda.anaconda.org/conda-forge/noarch/pytest-8.3.4-pyhd8ed1ab_1.conda
      - conda: https://conda.anaconda.org/conda-forge/win-64/python-3.13.1-h071d269_102_cp313.conda
      - conda: https://conda.anaconda.org/conda-forge/noarch/python-dotenv-1.0.1-pyhd8ed1ab_1.conda
      - conda: https://conda.anaconda.org/conda-forge/noarch/python-multipart-0.0.20-pyhff2d567_0.conda
      - conda: https://conda.anaconda.org/conda-forge/win-64/python_abi-3.13-5_cp313.conda
      - conda: https://conda.anaconda.org/conda-forge/win-64/pyyaml-6.0.2-py313ha7868ed_1.conda
      - conda: https://conda.anaconda.org/conda-forge/win-64/re2-2024.07.02-hd3b24a8_1.conda
      - conda: https://conda.anaconda.org/conda-forge/noarch/rich-13.9.4-pyhd8ed1ab_1.conda
      - conda: https://conda.anaconda.org/conda-forge/noarch/rich-toolkit-0.11.3-pyh29332c3_0.conda
      - conda: https://conda.anaconda.org/conda-forge/noarch/setuptools-75.6.0-pyhff2d567_1.conda
      - conda: https://conda.anaconda.org/conda-forge/noarch/shellingham-1.5.4-pyhd8ed1ab_1.conda
      - conda: https://conda.anaconda.org/conda-forge/noarch/sniffio-1.3.1-pyhd8ed1ab_1.conda
      - conda: https://conda.anaconda.org/conda-forge/noarch/starlette-0.41.3-pyha770c72_1.conda
      - conda: https://conda.anaconda.org/conda-forge/win-64/tk-8.6.13-h5226925_1.conda
      - conda: https://conda.anaconda.org/conda-forge/noarch/tomli-2.2.1-pyhd8ed1ab_1.conda
      - conda: https://conda.anaconda.org/conda-forge/noarch/typer-0.15.1-pyhd8ed1ab_0.conda
      - conda: https://conda.anaconda.org/conda-forge/noarch/typer-slim-0.15.1-pyhd8ed1ab_0.conda
      - conda: https://conda.anaconda.org/conda-forge/noarch/typer-slim-standard-0.15.1-hd8ed1ab_0.conda
      - conda: https://conda.anaconda.org/conda-forge/noarch/typing-extensions-4.12.2-hd8ed1ab_1.conda
      - conda: https://conda.anaconda.org/conda-forge/noarch/typing_extensions-4.12.2-pyha770c72_1.conda
      - conda: https://conda.anaconda.org/conda-forge/noarch/tzdata-2024b-hc8b5060_0.conda
      - conda: https://conda.anaconda.org/conda-forge/win-64/ucrt-10.0.22621.0-h57928b3_1.conda
      - conda: https://conda.anaconda.org/conda-forge/noarch/uvicorn-0.34.0-pyh5737063_0.conda
      - conda: https://conda.anaconda.org/conda-forge/noarch/uvicorn-standard-0.34.0-h5737063_0.conda
      - conda: https://conda.anaconda.org/conda-forge/win-64/vc-14.3-ha32ba9b_23.conda
      - conda: https://conda.anaconda.org/conda-forge/win-64/vc14_runtime-14.42.34433-he29a5d6_23.conda
      - conda: https://conda.anaconda.org/conda-forge/win-64/vs2015_runtime-14.42.34433-hdffcdeb_23.conda
      - conda: https://conda.anaconda.org/conda-forge/win-64/watchfiles-1.0.3-py313hf3b5b86_0.conda
      - conda: https://conda.anaconda.org/conda-forge/win-64/websockets-14.1-py313ha7868ed_0.conda
      - conda: https://conda.anaconda.org/conda-forge/win-64/yaml-0.2.5-h8ffe710_2.tar.bz2
packages:
- kind: conda
  name: annotated-types
  version: 0.7.0
  build: pyhd8ed1ab_1
  build_number: 1
  subdir: noarch
  noarch: python
  url: https://conda.anaconda.org/conda-forge/noarch/annotated-types-0.7.0-pyhd8ed1ab_1.conda
  sha256: e0ea1ba78fbb64f17062601edda82097fcf815012cf52bb704150a2668110d48
  md5: 2934f256a8acfe48f6ebb4fce6cde29c
  depends:
  - python >=3.9
  - typing-extensions >=4.0.0
  license: MIT
  license_family: MIT
  size: 18074
  timestamp: 1733247158254
- kind: conda
  name: anyio
  version: 4.7.0
  build: pyhd8ed1ab_0
  subdir: noarch
  noarch: python
  url: https://conda.anaconda.org/conda-forge/noarch/anyio-4.7.0-pyhd8ed1ab_0.conda
  sha256: 687537ee3af30f8784986bf40cac30e88138770b16e51ca9850c9c23c09aeba1
  md5: c88107912954a983c2caf25f7fd55158
  depends:
  - exceptiongroup >=1.0.2
  - idna >=2.8
  - python >=3.9
  - sniffio >=1.1
  - typing_extensions >=4.5
  constrains:
  - trio >=0.26.1
  - uvloop >=0.21
  license: MIT
  license_family: MIT
  size: 112730
  timestamp: 1733532678437
- kind: conda
  name: bzip2
  version: 1.0.8
  build: h2466b09_7
  build_number: 7
  subdir: win-64
  url: https://conda.anaconda.org/conda-forge/win-64/bzip2-1.0.8-h2466b09_7.conda
  sha256: 35a5dad92e88fdd7fc405e864ec239486f4f31eec229e31686e61a140a8e573b
  md5: 276e7ffe9ffe39688abc665ef0f45596
  depends:
  - ucrt >=10.0.20348.0
  - vc >=14.2,<15
  - vc14_runtime >=14.29.30139
  license: bzip2-1.0.6
  license_family: BSD
  size: 54927
  timestamp: 1720974860185
- kind: conda
  name: c-ares
  version: 1.34.4
  build: h2466b09_0
  subdir: win-64
  url: https://conda.anaconda.org/conda-forge/win-64/c-ares-1.34.4-h2466b09_0.conda
  sha256: f364f7de63a7c35a62c8d90383dd7747b46fa6b9c35c16c99154a8c45685c86b
  md5: d387e6f147273d548f068f49a4291aef
  depends:
  - ucrt >=10.0.20348.0
  - vc >=14.2,<15
  - vc14_runtime >=14.29.30139
  license: MIT
  license_family: MIT
  size: 193862
  timestamp: 1734208384429
- kind: conda
  name: ca-certificates
  version: 2024.12.14
  build: h56e8100_0
  subdir: win-64
  url: https://conda.anaconda.org/conda-forge/win-64/ca-certificates-2024.12.14-h56e8100_0.conda
  sha256: 424d82db36cd26234bc4772426170efd60e888c2aed0099a257a95e131683a5e
  md5: cb2eaeb88549ddb27af533eccf9a45c1
  license: ISC
  size: 157422
  timestamp: 1734208404685
- kind: conda
  name: certifi
  version: 2024.12.14
  build: pyhd8ed1ab_0
  subdir: noarch
  noarch: python
  url: https://conda.anaconda.org/conda-forge/noarch/certifi-2024.12.14-pyhd8ed1ab_0.conda
  sha256: 048c16a9cbcb1fbad02083414d3bc7c1d0eea4b39aee6aa6bf8d1d5089ca8bad
  md5: 6feb87357ecd66733be3279f16a8c400
  depends:
  - python >=3.9
  license: ISC
  size: 161642
  timestamp: 1734380604767
- kind: conda
  name: click
  version: 8.1.7
  build: win_pyh7428d3b_1
  build_number: 1
  subdir: noarch
  noarch: python
  url: https://conda.anaconda.org/conda-forge/noarch/click-8.1.7-win_pyh7428d3b_1.conda
  sha256: 98eeb47687c0a3260c7ea1e29f41057b8e57481b834d3bf5902b7a62e194f88f
  md5: e2afd3b7e37a5363e292a8b33dbef65c
  depends:
  - __win
  - colorama
  - python >=3.9
  license: BSD-3-Clause
  license_family: BSD
  size: 85069
  timestamp: 1733222030187
- kind: conda
  name: colorama
  version: 0.4.6
  build: pyhd8ed1ab_1
  build_number: 1
  subdir: noarch
  noarch: python
  url: https://conda.anaconda.org/conda-forge/noarch/colorama-0.4.6-pyhd8ed1ab_1.conda
  sha256: ab29d57dc70786c1269633ba3dff20288b81664d3ff8d21af995742e2bb03287
  md5: 962b9857ee8e7018c22f2776ffa0b2d7
  depends:
  - python >=3.9
  license: BSD-3-Clause
  license_family: BSD
  size: 27011
  timestamp: 1733218222191
- kind: conda
  name: dnspython
  version: 2.7.0
  build: pyhff2d567_1
  build_number: 1
  subdir: noarch
  noarch: python
  url: https://conda.anaconda.org/conda-forge/noarch/dnspython-2.7.0-pyhff2d567_1.conda
  sha256: 3ec40ccf63f2450c5e6c7dd579e42fc2e97caf0d8cd4ba24aa434e6fc264eda0
  md5: 5fbd60d61d21b4bd2f9d7a48fe100418
  depends:
  - python >=3.9,<4.0.0
  - sniffio
  constrains:
  - aioquic >=1.0.0
  - wmi >=1.5.1
  - httpx >=0.26.0
  - trio >=0.23
  - cryptography >=43
  - httpcore >=1.0.0
  - idna >=3.7
  - h2 >=4.1.0
  license: ISC
  license_family: OTHER
  size: 172172
  timestamp: 1733256829961
- kind: conda
  name: email-validator
  version: 2.2.0
  build: pyhd8ed1ab_1
  build_number: 1
  subdir: noarch
  noarch: python
  url: https://conda.anaconda.org/conda-forge/noarch/email-validator-2.2.0-pyhd8ed1ab_1.conda
  sha256: b91a19eb78edfc2dbb36de9a67f74ee2416f1b5273dd7327abe53f2dbf864736
  md5: da16dd3b0b71339060cd44cb7110ddf9
  depends:
  - dnspython >=2.0.0
  - idna >=2.0.0
  - python >=3.9
  license: Unlicense
  size: 44401
  timestamp: 1733300827551
- kind: conda
  name: email_validator
  version: 2.2.0
  build: hd8ed1ab_1
  build_number: 1
  subdir: noarch
  noarch: generic
  url: https://conda.anaconda.org/conda-forge/noarch/email_validator-2.2.0-hd8ed1ab_1.conda
  sha256: e0d0fdf587aa0ed0ff08b2bce3ab355f46687b87b0775bfba01cc80a859ee6a2
  md5: 0794f8807ff2c6f020422cacb1bd7bfa
  depends:
  - email-validator >=2.2.0,<2.2.1.0a0
  license: Unlicense
  size: 6552
  timestamp: 1733300828176
- kind: conda
  name: exceptiongroup
  version: 1.2.2
  build: pyhd8ed1ab_1
  build_number: 1
  subdir: noarch
  noarch: python
  url: https://conda.anaconda.org/conda-forge/noarch/exceptiongroup-1.2.2-pyhd8ed1ab_1.conda
  sha256: cbde2c64ec317118fc06b223c5fd87c8a680255e7348dd60e7b292d2e103e701
  md5: a16662747cdeb9abbac74d0057cc976e
  depends:
  - python >=3.9
  license: MIT and PSF-2.0
  size: 20486
  timestamp: 1733208916977
- kind: conda
  name: fastapi
  version: 0.115.6
  build: pyhd8ed1ab_0
  subdir: noarch
  noarch: python
  url: https://conda.anaconda.org/conda-forge/noarch/fastapi-0.115.6-pyhd8ed1ab_0.conda
  sha256: d7826d537c667093c9de96411a09585a8d620c84a830a0195e58e9a0df45f018
  md5: 1b1e0c97830cdf75f1f371bd467ab657
  depends:
  - email_validator >=2.0.0
  - fastapi-cli >=0.0.5
  - httpx >=0.23.0
  - jinja2 >=2.11.2
  - pydantic >=1.7.4,!=1.8,!=1.8.1,!=2.0.0,!=2.0.1,!=2.1.0,<3.0.0
  - python >=3.9
  - python-multipart >=0.0.7
  - starlette >=0.40.0,<0.42.0
  - typing_extensions >=4.8.0
  - uvicorn-standard >=0.12.0
  license: MIT
  license_family: MIT
  size: 73084
  timestamp: 1733362427885
- kind: conda
  name: fastapi-cli
  version: 0.0.7
  build: pyhd8ed1ab_0
  subdir: noarch
  noarch: python
  url: https://conda.anaconda.org/conda-forge/noarch/fastapi-cli-0.0.7-pyhd8ed1ab_0.conda
  sha256: 300683731013b7221922339cd40430bb3c2ddeeb658fd7e37f5099ffe64e4db0
  md5: d960e0ea9e1c561aa928f6c4439f04c7
  depends:
  - python >=3.9
  - rich-toolkit >=0.11.1
  - typer >=0.12.3
  - uvicorn-standard >=0.15.0
  license: MIT
  license_family: MIT
  size: 15546
  timestamp: 1734302408607
- kind: conda
  name: grpcio
  version: 1.67.1
  build: py313hb80970b_0
  subdir: win-64
  url: https://conda.anaconda.org/conda-forge/win-64/grpcio-1.67.1-py313hb80970b_0.conda
  sha256: 09121e85de371cd12ae7dc8a4e32a723b9507a17b833aa3204c8cbf689b0c063
  md5: f389c8a5ca37ee8922b5eb2c45d12150
  depends:
  - libgrpc 1.67.1 h7aa3b8a_0
  - libzlib >=1.3.1,<2.0a0
  - python >=3.13,<3.14.0a0
  - python_abi 3.13.* *_cp313
  - ucrt >=10.0.20348.0
  - vc >=14.2,<15
  - vc14_runtime >=14.29.30139
  license: Apache-2.0
  license_family: APACHE
  size: 731369
  timestamp: 1730237088557
- kind: conda
  name: grpcio-tools
  version: 1.67.1
  build: py313h5813708_0
  subdir: win-64
  url: https://conda.anaconda.org/conda-forge/win-64/grpcio-tools-1.67.1-py313h5813708_0.conda
  sha256: 11ad2728e2fe13cdc18c8c9da42be9c6db997267912e408c37d8c65ac6fb67c9
  md5: 15d9bd2e8281e45c12588d4860a23678
  depends:
  - grpcio 1.67.1 *_0
  - protobuf
  - python >=3.13,<3.14.0a0
  - python_abi 3.13.* *_cp313
  - setuptools
  - ucrt >=10.0.20348.0
  - vc >=14.2,<15
  - vc14_runtime >=14.29.30139
  license: Apache-2.0
  license_family: APACHE
  size: 948362
  timestamp: 1730239530094
- kind: conda
  name: h11
  version: 0.14.0
  build: pyhd8ed1ab_1
  build_number: 1
  subdir: noarch
  noarch: python
  url: https://conda.anaconda.org/conda-forge/noarch/h11-0.14.0-pyhd8ed1ab_1.conda
  sha256: 622516185a7c740d5c7f27016d0c15b45782c1501e5611deec63fd70344ce7c8
  md5: 7ee49e89531c0dcbba9466f6d115d585
  depends:
  - python >=3.9
  - typing_extensions
  license: MIT
  license_family: MIT
  size: 51846
  timestamp: 1733327599467
- kind: conda
  name: h2
  version: 4.1.0
  build: pyhd8ed1ab_1
  build_number: 1
  subdir: noarch
  noarch: python
  url: https://conda.anaconda.org/conda-forge/noarch/h2-4.1.0-pyhd8ed1ab_1.conda
  sha256: 843ddad410c370672a8250470697027618f104153612439076d4d7b91eeb7b5c
  md5: 825927dc7b0f287ef8d4d0011bb113b1
  depends:
  - hpack >=4.0,<5
  - hyperframe >=6.0,<7
  - python >=3.9
  license: MIT
  license_family: MIT
  size: 52000
  timestamp: 1733298867359
- kind: conda
  name: hpack
  version: 4.0.0
  build: pyhd8ed1ab_1
  build_number: 1
  subdir: noarch
  noarch: python
  url: https://conda.anaconda.org/conda-forge/noarch/hpack-4.0.0-pyhd8ed1ab_1.conda
  sha256: ec89b7e5b8aa2f0219f666084446e1fb7b54545861e9caa892acb24d125761b5
  md5: 2aa5ff7fa34a81b9196532c84c10d865
  depends:
  - python >=3.9
  license: MIT
  license_family: MIT
  size: 29412
  timestamp: 1733299296857
- kind: conda
  name: httpcore
  version: 1.0.7
  build: pyh29332c3_1
  build_number: 1
  subdir: noarch
  noarch: python
  url: https://conda.anaconda.org/conda-forge/noarch/httpcore-1.0.7-pyh29332c3_1.conda
  sha256: c84d012a245171f3ed666a8bf9319580c269b7843ffa79f26468842da3abd5df
  md5: 2ca8e6dbc86525c8b95e3c0ffa26442e
  depends:
  - python >=3.8
  - h11 >=0.13,<0.15
  - h2 >=3,<5
  - sniffio 1.*
  - anyio >=3.0,<5.0
  - certifi
  license: BSD-3-Clause
  license_family: BSD
  size: 48959
  timestamp: 1731707562362
- kind: conda
  name: httptools
  version: 0.6.4
  build: py313ha7868ed_0
  subdir: win-64
  url: https://conda.anaconda.org/conda-forge/win-64/httptools-0.6.4-py313ha7868ed_0.conda
  sha256: 3b8eeca5a9034a6f1f7537824410a87202c65e20252715390ef3a85d7b533ebb
  md5: a81b2f33ac89c3df3ac2052ef60a611e
  depends:
  - python >=3.13,<3.14.0a0
  - python_abi 3.13.* *_cp313
  - ucrt >=10.0.20348.0
  - vc >=14.2,<15
  - vc14_runtime >=14.29.30139
  license: MIT
  license_family: MIT
  size: 73806
  timestamp: 1732707911850
- kind: conda
  name: httpx
  version: 0.28.1
  build: pyhd8ed1ab_0
  subdir: noarch
  noarch: python
  url: https://conda.anaconda.org/conda-forge/noarch/httpx-0.28.1-pyhd8ed1ab_0.conda
  sha256: cd0f1de3697b252df95f98383e9edb1d00386bfdd03fdf607fa42fe5fcb09950
  md5: d6989ead454181f4f9bc987d3dc4e285
  depends:
  - anyio
  - certifi
  - httpcore 1.*
  - idna
  - python >=3.9
  license: BSD-3-Clause
  license_family: BSD
  size: 63082
  timestamp: 1733663449209
- kind: conda
  name: hyperframe
  version: 6.0.1
  build: pyhd8ed1ab_1
  build_number: 1
  subdir: noarch
  noarch: python
  url: https://conda.anaconda.org/conda-forge/noarch/hyperframe-6.0.1-pyhd8ed1ab_1.conda
  sha256: e91c6ef09d076e1d9a02819cd00fa7ee18ecf30cdd667605c853980216584d1b
  md5: 566e75c90c1d0c8c459eb0ad9833dc7a
  depends:
  - python >=3.9
  license: MIT
  license_family: MIT
  size: 17239
  timestamp: 1733298862681
- kind: conda
  name: idna
  version: '3.10'
  build: pyhd8ed1ab_1
  build_number: 1
  subdir: noarch
  noarch: python
  url: https://conda.anaconda.org/conda-forge/noarch/idna-3.10-pyhd8ed1ab_1.conda
  sha256: d7a472c9fd479e2e8dcb83fb8d433fce971ea369d704ece380e876f9c3494e87
  md5: 39a4f67be3286c86d696df570b1201b7
  depends:
  - python >=3.9
  license: BSD-3-Clause
  license_family: BSD
  size: 49765
  timestamp: 1733211921194
- kind: conda
  name: iniconfig
  version: 2.0.0
  build: pyhd8ed1ab_1
  build_number: 1
  subdir: noarch
  noarch: python
  url: https://conda.anaconda.org/conda-forge/noarch/iniconfig-2.0.0-pyhd8ed1ab_1.conda
  sha256: 0ec8f4d02053cd03b0f3e63168316530949484f80e16f5e2fb199a1d117a89ca
  md5: 6837f3eff7dcea42ecd714ce1ac2b108
  depends:
  - python >=3.9
  license: MIT
  license_family: MIT
  size: 11474
  timestamp: 1733223232820
- kind: conda
  name: jinja2
  version: 3.1.4
  build: pyhd8ed1ab_1
  build_number: 1
  subdir: noarch
  noarch: python
  url: https://conda.anaconda.org/conda-forge/noarch/jinja2-3.1.4-pyhd8ed1ab_1.conda
  sha256: 85a7169c078b8065bd9d121b0e7b99c8b88c42a411314b6ae5fcd81c48c4710a
  md5: 08cce3151bde4ecad7885bd9fb647532
  depends:
  - markupsafe >=2.0
  - python >=3.9
  license: BSD-3-Clause
  license_family: BSD
  size: 110963
  timestamp: 1733217424408
- kind: conda
  name: libabseil
  version: '20240722.0'
  build: cxx17_he0c23c2_1
  build_number: 1
  subdir: win-64
  url: https://conda.anaconda.org/conda-forge/win-64/libabseil-20240722.0-cxx17_he0c23c2_1.conda
  sha256: 52ff148dee1871ef1d5c298bae20309707e866b44714a0a333a5ed2cf9a38832
  md5: 3f59a73b07a05530b252ecb07dd882b9
  depends:
  - ucrt >=10.0.20348.0
  - vc >=14.2,<15
  - vc14_runtime >=14.29.30139
  constrains:
  - libabseil-static =20240722.0=cxx17*
  - abseil-cpp =20240722.0
  license: Apache-2.0
  license_family: Apache
  size: 1777570
  timestamp: 1727296115119
- kind: conda
  name: libexpat
  version: 2.6.4
  build: he0c23c2_0
  subdir: win-64
  url: https://conda.anaconda.org/conda-forge/win-64/libexpat-2.6.4-he0c23c2_0.conda
  sha256: 0c0447bf20d1013d5603499de93a16b6faa92d7ead870d96305c0f065b6a5a12
  md5: eb383771c680aa792feb529eaf9df82f
  depends:
  - ucrt >=10.0.20348.0
  - vc >=14.2,<15
  - vc14_runtime >=14.29.30139
  constrains:
  - expat 2.6.4.*
  license: MIT
  license_family: MIT
  size: 139068
  timestamp: 1730967442102
- kind: conda
  name: libffi
  version: 3.4.2
  build: h8ffe710_5
  build_number: 5
  subdir: win-64
  url: https://conda.anaconda.org/conda-forge/win-64/libffi-3.4.2-h8ffe710_5.tar.bz2
  sha256: 1951ab740f80660e9bc07d2ed3aefb874d78c107264fd810f24a1a6211d4b1a5
  md5: 2c96d1b6915b408893f9472569dee135
  depends:
  - vc >=14.1,<15.0a0
  - vs2015_runtime >=14.16.27012
  license: MIT
  license_family: MIT
  size: 42063
  timestamp: 1636489106777
- kind: conda
  name: libgrpc
  version: 1.67.1
  build: h7aa3b8a_0
  subdir: win-64
  url: https://conda.anaconda.org/conda-forge/win-64/libgrpc-1.67.1-h7aa3b8a_0.conda
  sha256: 986dafe9c3219e88a82389e679a2804d4256aa9ddaead193f91b7d6b4ef89ea1
  md5: daad5d4a1c24c1afe748afbb83377e43
  depends:
  - c-ares >=1.34.2,<2.0a0
  - libabseil * cxx17*
  - libabseil >=20240722.0,<20240723.0a0
  - libprotobuf >=5.28.2,<5.28.3.0a0
  - libre2-11 >=2024.7.2
  - libzlib >=1.3.1,<2.0a0
  - openssl >=3.3.2,<4.0a0
  - re2
  - ucrt >=10.0.20348.0
  - vc >=14.2,<15
  - vc14_runtime >=14.29.30139
  constrains:
  - grpc-cpp =1.67.1
  license: Apache-2.0
  license_family: APACHE
  size: 17167461
  timestamp: 1730236510917
- kind: conda
  name: liblzma
  version: 5.6.3
  build: h2466b09_1
  build_number: 1
  subdir: win-64
  url: https://conda.anaconda.org/conda-forge/win-64/liblzma-5.6.3-h2466b09_1.conda
  sha256: 24d04bd55adfa44c421c99ce169df38cb1ad2bba5f43151bc847fc802496a1fa
  md5: 015b9c0bd1eef60729ab577a38aaf0b5
  depends:
  - ucrt >=10.0.20348.0
  - vc >=14.2,<15
  - vc14_runtime >=14.29.30139
  license: 0BSD
  size: 104332
  timestamp: 1733407872569
- kind: conda
  name: libmpdec
  version: 4.0.0
  build: h2466b09_0
  subdir: win-64
  url: https://conda.anaconda.org/conda-forge/win-64/libmpdec-4.0.0-h2466b09_0.conda
  sha256: fc529fc82c7caf51202cc5cec5bb1c2e8d90edbac6d0a4602c966366efe3c7bf
  md5: 74860100b2029e2523cf480804c76b9b
  depends:
  - ucrt >=10.0.20348.0
  - vc >=14.2,<15
  - vc14_runtime >=14.29.30139
  license: BSD-2-Clause
  license_family: BSD
  size: 88657
  timestamp: 1723861474602
- kind: conda
  name: libprotobuf
  version: 5.28.2
  build: hcaed137_0
  subdir: win-64
  url: https://conda.anaconda.org/conda-forge/win-64/libprotobuf-5.28.2-hcaed137_0.conda
  sha256: 798c6675fb709ceaa6a9bd83e9cffe06bc98e83f519c7d7d881243d2e6d0c34d
  md5: 97c6d2f83edd7b400a22660e2a4d1488
  depends:
  - libabseil * cxx17*
  - libabseil >=20240722.0,<20240723.0a0
  - libzlib >=1.3.1,<2.0a0
  - ucrt >=10.0.20348.0
  - vc >=14.2,<15
  - vc14_runtime >=14.29.30139
  license: BSD-3-Clause
  license_family: BSD
  size: 6033581
  timestamp: 1728565880841
- kind: conda
  name: libre2-11
  version: 2024.07.02
  build: h4eb7d71_1
  build_number: 1
  subdir: win-64
  url: https://conda.anaconda.org/conda-forge/win-64/libre2-11-2024.07.02-h4eb7d71_1.conda
  sha256: 39908d18620d48406ea3492bf111eface5b3a88c1a2d166c6d513b03f450df5d
  md5: d8dbfb066c8e3e85439687613d32057d
  depends:
  - libabseil * cxx17*
  - libabseil >=20240722.0,<20240723.0a0
  - ucrt >=10.0.20348.0
  - vc >=14.2,<15
  - vc14_runtime >=14.29.30139
  constrains:
  - re2 2024.07.02.*
  license: BSD-3-Clause
  license_family: BSD
  size: 260860
  timestamp: 1728779502416
- kind: conda
  name: libsqlite
  version: 3.47.2
  build: h67fdade_0
  subdir: win-64
  url: https://conda.anaconda.org/conda-forge/win-64/libsqlite-3.47.2-h67fdade_0.conda
  sha256: ecfc0182c3b2e63c870581be1fa0e4dbdfec70d2011cb4f5bde416ece26c41df
  md5: ff00095330e0d35a16bd3bdbd1a2d3e7
  depends:
  - ucrt >=10.0.20348.0
  - vc >=14.2,<15
  - vc14_runtime >=14.29.30139
  license: Unlicense
  size: 891292
  timestamp: 1733762116902
- kind: conda
  name: libzlib
  version: 1.3.1
  build: h2466b09_2
  build_number: 2
  subdir: win-64
  url: https://conda.anaconda.org/conda-forge/win-64/libzlib-1.3.1-h2466b09_2.conda
  sha256: ba945c6493449bed0e6e29883c4943817f7c79cbff52b83360f7b341277c6402
  md5: 41fbfac52c601159df6c01f875de31b9
  depends:
  - ucrt >=10.0.20348.0
  - vc >=14.2,<15
  - vc14_runtime >=14.29.30139
  constrains:
  - zlib 1.3.1 *_2
  license: Zlib
  license_family: Other
  size: 55476
  timestamp: 1727963768015
- kind: conda
  name: markdown-it-py
  version: 3.0.0
  build: pyhd8ed1ab_1
  build_number: 1
  subdir: noarch
  noarch: python
  url: https://conda.anaconda.org/conda-forge/noarch/markdown-it-py-3.0.0-pyhd8ed1ab_1.conda
  sha256: 0fbacdfb31e55964152b24d5567e9a9996e1e7902fb08eb7d91b5fd6ce60803a
  md5: fee3164ac23dfca50cfcc8b85ddefb81
  depends:
  - mdurl >=0.1,<1
  - python >=3.9
  license: MIT
  license_family: MIT
  size: 64430
  timestamp: 1733250550053
- kind: conda
  name: markupsafe
  version: 3.0.2
  build: py313hb4c8b1a_1
  build_number: 1
  subdir: win-64
  url: https://conda.anaconda.org/conda-forge/win-64/markupsafe-3.0.2-py313hb4c8b1a_1.conda
  sha256: f16cb398915f52d582bcea69a16cf69a56dab6ea2fab6f069da9c2c10f09534c
  md5: ec9ecf6ee4cceb73a0c9a8cdfdf58bed
  depends:
  - python >=3.13,<3.14.0a0
  - python_abi 3.13.* *_cp313
  - ucrt >=10.0.20348.0
  - vc >=14.2,<15
  - vc14_runtime >=14.29.30139
  constrains:
  - jinja2 >=3.0.0
  license: BSD-3-Clause
  license_family: BSD
  size: 27930
  timestamp: 1733220059655
- kind: conda
  name: mdurl
  version: 0.1.2
  build: pyhd8ed1ab_1
  build_number: 1
  subdir: noarch
  noarch: python
  url: https://conda.anaconda.org/conda-forge/noarch/mdurl-0.1.2-pyhd8ed1ab_1.conda
  sha256: 78c1bbe1723449c52b7a9df1af2ee5f005209f67e40b6e1d3c7619127c43b1c7
  md5: 592132998493b3ff25fd7479396e8351
  depends:
  - python >=3.9
  license: MIT
  license_family: MIT
  size: 14465
  timestamp: 1733255681319
- kind: conda
  name: openssl
  version: 3.4.0
  build: h2466b09_0
  subdir: win-64
  url: https://conda.anaconda.org/conda-forge/win-64/openssl-3.4.0-h2466b09_0.conda
  sha256: e03045a0837e01ff5c75e9273a572553e7522290799807f918c917a9826a6484
  md5: d0d805d9b5524a14efb51b3bff965e83
  depends:
  - ca-certificates
  - ucrt >=10.0.20348.0
  - vc >=14.2,<15
  - vc14_runtime >=14.29.30139
  license: Apache-2.0
  license_family: Apache
  size: 8491156
  timestamp: 1731379715927
- kind: conda
  name: packaging
  version: '24.2'
  build: pyhd8ed1ab_2
  build_number: 2
  subdir: noarch
  noarch: python
  url: https://conda.anaconda.org/conda-forge/noarch/packaging-24.2-pyhd8ed1ab_2.conda
  sha256: da157b19bcd398b9804c5c52fc000fcb8ab0525bdb9c70f95beaa0bb42f85af1
  md5: 3bfed7e6228ebf2f7b9eaa47f1b4e2aa
  depends:
  - python >=3.8
  license: Apache-2.0
  license_family: APACHE
  size: 60164
  timestamp: 1733203368787
- kind: conda
  name: pixi-pycharm
  version: 0.0.8
  build: win_1234567_0
  subdir: noarch
  noarch: generic
  url: https://conda.anaconda.org/conda-forge/noarch/pixi-pycharm-0.0.8-win_1234567_0.conda
  sha256: 6ee9dbad2c363faefea73e21370301e16290a2a88230787267e4f34b67ca40e8
  md5: 352a583506f7ac90d984e9a501e500f7
  depends:
  - __win
  - python >=3.8
  license: BSD-3-Clause
  license_family: BSD
  size: 8671
  timestamp: 1728816803806
- kind: conda
  name: pluggy
  version: 1.5.0
  build: pyhd8ed1ab_1
  build_number: 1
  subdir: noarch
  noarch: python
  url: https://conda.anaconda.org/conda-forge/noarch/pluggy-1.5.0-pyhd8ed1ab_1.conda
  sha256: 122433fc5318816b8c69283aaf267c73d87aa2d09ce39f64c9805c9a3b264819
  md5: e9dcbce5f45f9ee500e728ae58b605b6
  depends:
  - python >=3.9
  license: MIT
  license_family: MIT
  size: 23595
  timestamp: 1733222855563
- kind: conda
  name: protobuf
  version: 5.28.2
  build: py313h5813708_0
  subdir: win-64
  url: https://conda.anaconda.org/conda-forge/win-64/protobuf-5.28.2-py313h5813708_0.conda
  sha256: 5115db67205ad02ca5733d68bd9660a171ef671eca8ebce5e003ce2650074150
  md5: 7a825b1394bb063bb344662cf3ac80c5
  depends:
  - python >=3.13,<3.14.0a0
  - python_abi 3.13.* *_cp313
  - ucrt >=10.0.20348.0
  - vc >=14.2,<15
  - vc14_runtime >=14.29.30139
  constrains:
  - libprotobuf 5.28.2
  license: BSD-3-Clause
  license_family: BSD
  size: 460423
  timestamp: 1728670773741
- kind: conda
  name: pydantic
  version: 2.10.3
  build: pyh3cfb1c2_0
  subdir: noarch
  noarch: python
  url: https://conda.anaconda.org/conda-forge/noarch/pydantic-2.10.3-pyh3cfb1c2_0.conda
  sha256: cac9eebd3d5f8d8a497a9025d756257ddc75b8b3393e6737cb45077bd744d4f8
  md5: 194ef7f91286978521350f171b117f01
  depends:
  - annotated-types >=0.6.0
  - pydantic-core 2.27.1
  - python >=3.9
  - typing-extensions >=4.6.1
  - typing_extensions >=4.12.2
  license: MIT
  license_family: MIT
  size: 317037
  timestamp: 1733316963547
- kind: conda
  name: pydantic-core
  version: 2.27.1
  build: py313hf3b5b86_0
  subdir: win-64
  url: https://conda.anaconda.org/conda-forge/win-64/pydantic-core-2.27.1-py313hf3b5b86_0.conda
  sha256: 64669444634f72b75cfde26c346bdc5d3127f8465879e5c9dd74ff18ded3e1ca
  md5: 40919805dbaa6749a3f330bedd00d0ed
  depends:
  - python >=3.13,<3.14.0a0
  - python_abi 3.13.* *_cp313
  - typing-extensions >=4.6.0,!=4.7.0
  - ucrt >=10.0.20348.0
  - vc >=14.2,<15
  - vc14_runtime >=14.29.30139
  license: MIT
  license_family: MIT
  size: 1611484
  timestamp: 1732254789060
- kind: conda
  name: pygments
  version: 2.18.0
  build: pyhd8ed1ab_1
  build_number: 1
  subdir: noarch
  noarch: python
  url: https://conda.anaconda.org/conda-forge/noarch/pygments-2.18.0-pyhd8ed1ab_1.conda
  sha256: 0d6133545f268b2b89c2617c196fc791f365b538d4057ecd636d658c3b1e885d
  md5: b38dc0206e2a530e5c2cf11dc086b31a
  depends:
  - python >=3.9
  license: BSD-2-Clause
  license_family: BSD
  size: 876700
  timestamp: 1733221731178
- kind: conda
  name: pytest
  version: 8.3.4
  build: pyhd8ed1ab_1
  build_number: 1
  subdir: noarch
  noarch: python
  url: https://conda.anaconda.org/conda-forge/noarch/pytest-8.3.4-pyhd8ed1ab_1.conda
  sha256: 75245ca9d0cbd6d38bb45ec02430189a9d4c21c055c5259739d738a2298d61b3
  md5: 799ed216dc6af62520f32aa39bc1c2bb
  depends:
  - colorama
  - exceptiongroup >=1.0.0rc8
  - iniconfig
  - packaging
  - pluggy <2,>=1.5
  - python >=3.9
  - tomli >=1
  constrains:
  - pytest-faulthandler >=2
  license: MIT
  license_family: MIT
  size: 259195
  timestamp: 1733217599806
- kind: conda
  name: python
  version: 3.13.1
  build: h071d269_102_cp313
  build_number: 102
  subdir: win-64
  url: https://conda.anaconda.org/conda-forge/win-64/python-3.13.1-h071d269_102_cp313.conda
  sha256: ee41eda85ebc3a257a3b21a76d255d986b08a285d891e418cbfb70113ee14684
  md5: 70568ba8bbd5f0c7b830e690775eb8b7
  depends:
  - bzip2 >=1.0.8,<2.0a0
  - libexpat >=2.6.4,<3.0a0
  - libffi >=3.4,<4.0a0
  - liblzma >=5.6.3,<6.0a0
  - libmpdec >=4.0.0,<5.0a0
  - libsqlite >=3.47.0,<4.0a0
  - libzlib >=1.3.1,<2.0a0
  - openssl >=3.4.0,<4.0a0
  - python_abi 3.13.* *_cp313
  - tk >=8.6.13,<8.7.0a0
  - tzdata
  - ucrt >=10.0.20348.0
  - vc >=14.2,<15
  - vc14_runtime >=14.29.30139
  license: Python-2.0
  size: 16753813
  timestamp: 1733433028707
- kind: conda
  name: python-dotenv
  version: 1.0.1
  build: pyhd8ed1ab_1
  build_number: 1
  subdir: noarch
  noarch: python
  url: https://conda.anaconda.org/conda-forge/noarch/python-dotenv-1.0.1-pyhd8ed1ab_1.conda
  sha256: 99713f6b534fef94995c6c16fd21d59f3548784e9111775d692bdc7c44678f02
  md5: e5c6ed218664802d305e79cc2d4491de
  depends:
  - python >=3.9
  license: BSD-3-Clause
  license_family: BSD
  size: 24215
  timestamp: 1733243277223
- kind: conda
  name: python-multipart
  version: 0.0.20
  build: pyhff2d567_0
  subdir: noarch
  noarch: python
  url: https://conda.anaconda.org/conda-forge/noarch/python-multipart-0.0.20-pyhff2d567_0.conda
  sha256: 1b03678d145b1675b757cba165a0d9803885807792f7eb4495e48a38858c3cca
  md5: a28c984e0429aff3ab7386f7de56de6f
  depends:
  - python >=3.9
  license: Apache-2.0
  license_family: Apache
  size: 27913
  timestamp: 1734420869885
- kind: conda
  name: python_abi
  version: '3.13'
  build: 5_cp313
  build_number: 5
  subdir: win-64
  url: https://conda.anaconda.org/conda-forge/win-64/python_abi-3.13-5_cp313.conda
  sha256: 0c12cc1b84962444002c699ed21e815fb9f686f950d734332a1b74d07db97756
  md5: 44b4fe6f22b57103afb2299935c8b68e
  constrains:
  - python 3.13.* *_cp313
  license: BSD-3-Clause
  license_family: BSD
  size: 6716
  timestamp: 1723823166911
- kind: conda
  name: pyyaml
  version: 6.0.2
  build: py313ha7868ed_1
  build_number: 1
  subdir: win-64
  url: https://conda.anaconda.org/conda-forge/win-64/pyyaml-6.0.2-py313ha7868ed_1.conda
  sha256: ffa21c4715aa139d20c96ae7274fbb7de12a546f3332eb8d07cc794741fcbde6
  md5: c1743e5c4c7402a14b515cf276778e59
  depends:
  - python >=3.13.0rc1,<3.14.0a0
  - python_abi 3.13.* *_cp313
  - ucrt >=10.0.20348.0
  - vc >=14.2,<15
  - vc14_runtime >=14.29.30139
  - yaml >=0.2.5,<0.3.0a0
  license: MIT
  license_family: MIT
  size: 181722
  timestamp: 1725456802746
- kind: conda
  name: re2
  version: 2024.07.02
  build: hd3b24a8_1
  build_number: 1
  subdir: win-64
  url: https://conda.anaconda.org/conda-forge/win-64/re2-2024.07.02-hd3b24a8_1.conda
  sha256: 5ac1c50d731c323bb52c78113792a71c5f8f060e5767c0a202120a948e0fc85b
  md5: b4abdc84c969587219e7e759116a3e8b
  depends:
  - libre2-11 2024.07.02 h4eb7d71_1
  license: BSD-3-Clause
  license_family: BSD
  size: 214858
  timestamp: 1728779526745
- kind: conda
  name: rich
  version: 13.9.4
  build: pyhd8ed1ab_1
  build_number: 1
  subdir: noarch
  noarch: python
  url: https://conda.anaconda.org/conda-forge/noarch/rich-13.9.4-pyhd8ed1ab_1.conda
  sha256: 06a760c5ae572e72e865d5a87e9fe3cc171e1a9c996e63daf3db52ff1a0b4457
  md5: 7aed65d4ff222bfb7335997aa40b7da5
  depends:
  - markdown-it-py >=2.2.0
  - pygments >=2.13.0,<3.0.0
  - python >=3.9
  - typing_extensions >=4.0.0,<5.0.0
  license: MIT
  license_family: MIT
  size: 185646
  timestamp: 1733342347277
- kind: conda
  name: rich-toolkit
  version: 0.11.3
  build: pyh29332c3_0
  subdir: noarch
  noarch: python
  url: https://conda.anaconda.org/conda-forge/noarch/rich-toolkit-0.11.3-pyh29332c3_0.conda
  sha256: e558f8c254a9ff9164d069110da162fc79497d70c60f2c09a5d3d0d7101c5628
  md5: 4ba15ae9388b67d09782798347481f69
  depends:
  - python >=3.9
  - rich >=13.7.1
  - click >=8.1.7
  - typing_extensions >=4.12.2
  - python
  license: MIT
  license_family: MIT
  size: 17357
  timestamp: 1733750834072
- kind: conda
  name: setuptools
  version: 75.6.0
  build: pyhff2d567_1
  build_number: 1
  subdir: noarch
  noarch: python
  url: https://conda.anaconda.org/conda-forge/noarch/setuptools-75.6.0-pyhff2d567_1.conda
  sha256: abb12e1dd515b13660aacb5d0fd43835bc2186cab472df25b7716cd65e095111
  md5: fc80f7995e396cbaeabd23cf46c413dc
  depends:
  - python >=3.9
  license: MIT
  license_family: MIT
  size: 774252
  timestamp: 1732632769210
- kind: conda
  name: shellingham
  version: 1.5.4
  build: pyhd8ed1ab_1
  build_number: 1
  subdir: noarch
  noarch: python
  url: https://conda.anaconda.org/conda-forge/noarch/shellingham-1.5.4-pyhd8ed1ab_1.conda
  sha256: 0557c090913aa63cdbe821dbdfa038a321b488e22bc80196c4b3b1aace4914ef
  md5: 7c3c2a0f3ebdea2bbc35538d162b43bf
  depends:
  - python >=3.9
  license: MIT
  license_family: MIT
  size: 14462
  timestamp: 1733301007770
- kind: conda
  name: sniffio
  version: 1.3.1
  build: pyhd8ed1ab_1
  build_number: 1
  subdir: noarch
  noarch: python
  url: https://conda.anaconda.org/conda-forge/noarch/sniffio-1.3.1-pyhd8ed1ab_1.conda
  sha256: c2248418c310bdd1719b186796ae50a8a77ce555228b6acd32768e2543a15012
  md5: bf7a226e58dfb8346c70df36065d86c9
  depends:
  - python >=3.9
  license: Apache-2.0
  license_family: Apache
  size: 15019
  timestamp: 1733244175724
- kind: conda
  name: starlette
  version: 0.41.3
  build: pyha770c72_1
  build_number: 1
  subdir: noarch
  noarch: python
  url: https://conda.anaconda.org/conda-forge/noarch/starlette-0.41.3-pyha770c72_1.conda
  sha256: b74fc76107487eb26624c01fc55bfab7eed03ae82e003333c86d8a1eeac53672
  md5: 0207dac04ae2200701fab697f0aaaac4
  depends:
  - anyio >=3.4.0,<5
  - python >=3.9
  - typing_extensions >=3.10.0
  license: BSD-3-Clause
  license_family: BSD
  size: 58838
  timestamp: 1733344472634
- kind: conda
  name: tk
  version: 8.6.13
  build: h5226925_1
  build_number: 1
  subdir: win-64
  url: https://conda.anaconda.org/conda-forge/win-64/tk-8.6.13-h5226925_1.conda
  sha256: 2c4e914f521ccb2718946645108c9bd3fc3216ba69aea20c2c3cedbd8db32bb1
  md5: fc048363eb8f03cd1737600a5d08aafe
  depends:
  - ucrt >=10.0.20348.0
  - vc >=14.2,<15
  - vc14_runtime >=14.29.30139
  license: TCL
  license_family: BSD
  size: 3503410
  timestamp: 1699202577803
- kind: conda
  name: tomli
  version: 2.2.1
  build: pyhd8ed1ab_1
  build_number: 1
  subdir: noarch
  noarch: python
  url: https://conda.anaconda.org/conda-forge/noarch/tomli-2.2.1-pyhd8ed1ab_1.conda
  sha256: 18636339a79656962723077df9a56c0ac7b8a864329eb8f847ee3d38495b863e
  md5: ac944244f1fed2eb49bae07193ae8215
  depends:
  - python >=3.9
  license: MIT
  license_family: MIT
  size: 19167
  timestamp: 1733256819729
- kind: conda
  name: typer
  version: 0.15.1
  build: pyhd8ed1ab_0
  subdir: noarch
  noarch: python
  url: https://conda.anaconda.org/conda-forge/noarch/typer-0.15.1-pyhd8ed1ab_0.conda
  sha256: ef695490e895c2ad552c77ec497b899b09fd4ad4ab07edcf5649f5994cf92a35
  md5: 170a0398946d8f5b454e592672b6fc20
  depends:
  - python >=3.9
  - typer-slim-standard 0.15.1 hd8ed1ab_0
  license: MIT
  license_family: MIT
  size: 56175
  timestamp: 1733408582623
- kind: conda
  name: typer-slim
  version: 0.15.1
  build: pyhd8ed1ab_0
  subdir: noarch
  noarch: python
  url: https://conda.anaconda.org/conda-forge/noarch/typer-slim-0.15.1-pyhd8ed1ab_0.conda
  sha256: d4965516f35e0805199de6596c4ac76c4ad3d6b012be35e532102f9e53ecb860
  md5: 0218b16f5a1dd569e575a7a6415489db
  depends:
  - click >=8.0.0
  - python >=3.9
  - typing_extensions >=3.7.4.3
  constrains:
  - rich >=10.11.0
  - typer >=0.15.1,<0.15.2.0a0
  - shellingham >=1.3.0
  license: MIT
  license_family: MIT
  size: 43592
  timestamp: 1733408569554
- kind: conda
  name: typer-slim-standard
  version: 0.15.1
  build: hd8ed1ab_0
  subdir: noarch
  noarch: generic
  url: https://conda.anaconda.org/conda-forge/noarch/typer-slim-standard-0.15.1-hd8ed1ab_0.conda
  sha256: f31c56fe98315da8b9ce848256c17e0b9f87896b41a6ccf0c9cc74644dcef20f
  md5: 4e603c43bfdfc7b533be087c3e070cc9
  depends:
  - rich
  - shellingham
  - typer-slim 0.15.1 pyhd8ed1ab_0
  license: MIT
  license_family: MIT
  size: 49531
  timestamp: 1733408570063
- kind: conda
  name: typing-extensions
  version: 4.12.2
  build: hd8ed1ab_1
  build_number: 1
  subdir: noarch
  noarch: python
  url: https://conda.anaconda.org/conda-forge/noarch/typing-extensions-4.12.2-hd8ed1ab_1.conda
  sha256: c8e9c1c467b5f960b627d7adc1c65fece8e929a3de89967e91ef0f726422fd32
  md5: b6a408c64b78ec7b779a3e5c7a902433
  depends:
  - typing_extensions 4.12.2 pyha770c72_1
  license: PSF-2.0
  license_family: PSF
  size: 10075
  timestamp: 1733188758872
- kind: conda
  name: typing_extensions
  version: 4.12.2
  build: pyha770c72_1
  build_number: 1
  subdir: noarch
  noarch: python
  url: https://conda.anaconda.org/conda-forge/noarch/typing_extensions-4.12.2-pyha770c72_1.conda
  sha256: 337be7af5af8b2817f115b3b68870208b30c31d3439bec07bfb2d8f4823e3568
  md5: d17f13df8b65464ca316cbc000a3cb64
  depends:
  - python >=3.9
  license: PSF-2.0
  license_family: PSF
  size: 39637
  timestamp: 1733188758212
- kind: conda
  name: tzdata
  version: 2024b
  build: hc8b5060_0
  subdir: noarch
  noarch: generic
  url: https://conda.anaconda.org/conda-forge/noarch/tzdata-2024b-hc8b5060_0.conda
  sha256: 4fde5c3008bf5d2db82f2b50204464314cc3c91c1d953652f7bd01d9e52aefdf
  md5: 8ac3367aafb1cc0a068483c580af8015
  license: LicenseRef-Public-Domain
  size: 122354
  timestamp: 1728047496079
- kind: conda
  name: ucrt
  version: 10.0.22621.0
  build: h57928b3_1
  build_number: 1
  subdir: win-64
  url: https://conda.anaconda.org/conda-forge/win-64/ucrt-10.0.22621.0-h57928b3_1.conda
  sha256: db8dead3dd30fb1a032737554ce91e2819b43496a0db09927edf01c32b577450
  md5: 6797b005cd0f439c4c5c9ac565783700
  constrains:
  - vs2015_runtime >=14.29.30037
  license: LicenseRef-MicrosoftWindowsSDK10
  size: 559710
  timestamp: 1728377334097
- kind: conda
  name: uvicorn
  version: 0.34.0
  build: pyh5737063_0
  subdir: noarch
  noarch: python
  url: https://conda.anaconda.org/conda-forge/noarch/uvicorn-0.34.0-pyh5737063_0.conda
  sha256: 503f78c87c8fc9d468a32740e4b861041c8b43a65a5fea7736f0935c364cd1c1
  md5: 113eb04f96cc55d4b70a2eb554091580
  depends:
  - __win
  - click >=7.0
  - h11 >=0.8
  - python >=3.9
  - typing_extensions >=4.0
  license: BSD-3-Clause
  license_family: BSD
  size: 49007
  timestamp: 1734293353529
- kind: conda
  name: uvicorn-standard
  version: 0.34.0
  build: h5737063_0
  subdir: noarch
  noarch: generic
  url: https://conda.anaconda.org/conda-forge/noarch/uvicorn-standard-0.34.0-h5737063_0.conda
  sha256: 7474930bfa022f3ae71c86530d9ee5335a59820245966f6fda1b6e3a6e0b0925
  md5: 27deaf97ae413a85a71dbf3afe250128
  depends:
  - __win
  - colorama >=0.4
  - httptools >=0.6.3
  - python-dotenv >=0.13
  - pyyaml >=5.1
  - uvicorn 0.34.0 pyh5737063_0
  - watchfiles >=0.13
  - websockets >=10.4
  license: BSD-3-Clause
  license_family: BSD
  size: 7712
  timestamp: 1734293357610
- kind: conda
  name: vc
  version: '14.3'
  build: ha32ba9b_23
  build_number: 23
  subdir: win-64
  url: https://conda.anaconda.org/conda-forge/win-64/vc-14.3-ha32ba9b_23.conda
  sha256: 986ddaf8feec2904eac9535a7ddb7acda1a1dfb9482088fdb8129f1595181663
  md5: 7c10ec3158d1eb4ddff7007c9101adb0
  depends:
  - vc14_runtime >=14.38.33135
  track_features:
  - vc14
  license: BSD-3-Clause
  license_family: BSD
  size: 17479
  timestamp: 1731710827215
- kind: conda
  name: vc14_runtime
  version: 14.42.34433
  build: he29a5d6_23
  build_number: 23
  subdir: win-64
  url: https://conda.anaconda.org/conda-forge/win-64/vc14_runtime-14.42.34433-he29a5d6_23.conda
  sha256: c483b090c4251a260aba6ff3e83a307bcfb5fb24ad7ced872ab5d02971bd3a49
  md5: 32b37d0cfa80da34548501cdc913a832
  depends:
  - ucrt >=10.0.20348.0
  constrains:
  - vs2015_runtime 14.42.34433.* *_23
  license: LicenseRef-MicrosoftVisualCpp2015-2022Runtime
  license_family: Proprietary
  size: 754247
  timestamp: 1731710681163
- kind: conda
  name: vs2015_runtime
  version: 14.42.34433
  build: hdffcdeb_23
  build_number: 23
  subdir: win-64
  url: https://conda.anaconda.org/conda-forge/win-64/vs2015_runtime-14.42.34433-hdffcdeb_23.conda
  sha256: 568ce8151eaae256f1cef752fc78651ad7a86ff05153cc7a4740b52ae6536118
  md5: 5c176975ca2b8366abad3c97b3cd1e83
  depends:
  - vc14_runtime >=14.42.34433
  license: BSD-3-Clause
  license_family: BSD
  size: 17572
  timestamp: 1731710685291
- kind: conda
  name: watchfiles
  version: 1.0.3
  build: py313hf3b5b86_0
  subdir: win-64
  url: https://conda.anaconda.org/conda-forge/win-64/watchfiles-1.0.3-py313hf3b5b86_0.conda
  sha256: d7b013267d12914043fe3b2475a8fb71b25e2d1668b60378b1a426347868c1c4
  md5: bd57a56ac73ef08fc9408128b0b0376d
  depends:
  - anyio >=3.0.0
  - python >=3.13,<3.14.0a0
  - python_abi 3.13.* *_cp313
  - ucrt >=10.0.20348.0
  - vc >=14.2,<15
  - vc14_runtime >=14.29.30139
  license: MIT
  license_family: MIT
  size: 301891
  timestamp: 1733999381490
- kind: conda
  name: websockets
  version: '14.1'
  build: py313ha7868ed_0
  subdir: win-64
  url: https://conda.anaconda.org/conda-forge/win-64/websockets-14.1-py313ha7868ed_0.conda
  sha256: 1f8c6fa6a95e7baa9fb1191dfa5ff636c15681eae1bcab9bda2269aa5875e5e2
  md5: dd9be6474c3e9beca12ce601e9bfc4c0
  depends:
  - python >=3.13,<3.14.0a0
  - python_abi 3.13.* *_cp313
  - ucrt >=10.0.20348.0
  - vc >=14.2,<15
  - vc14_runtime >=14.29.30139
  license: BSD-3-Clause
  license_family: BSD
  size: 252883
  timestamp: 1731499256731
- kind: conda
  name: yaml
  version: 0.2.5
  build: h8ffe710_2
  build_number: 2
  subdir: win-64
  url: https://conda.anaconda.org/conda-forge/win-64/yaml-0.2.5-h8ffe710_2.tar.bz2
  sha256: 4e2246383003acbad9682c7c63178e2e715ad0eb84f03a8df1fbfba455dfedc5
  md5: adbfb9f45d1004a26763652246a33764
  depends:
  - vc >=14.1,<15.0a0
  - vs2015_runtime >=14.16.27012
  license: MIT
  license_family: MIT
  size: 63274
  timestamp: 1641347623319
